
Microsoft Visual Studio Solution File, Format Version 12.00
# Visual Studio Version 17
VisualStudioVersion = 17.0.32126.317
MinimumVisualStudioVersion = 10.0.40219.1
Project("{9A19103F-16F7-4668-BE54-9A1E7A4F7556}") = "BankApi", "BankApi\BankApi.csproj", "{3221367C-B936-474A-B047-7E61B2FB74B5}"
EndProject
Project("{FAE04EC0-301F-11D3-BF4B-00C04F79EFBC}") = "BankApiTest", "BankApiTest\BankApiTest.csproj", "{DAE7F78A-CCFE-47C3-A131-902ED4DBAE46}"
EndProject
Global
	GlobalSection(SolutionConfigurationPlatforms) = preSolution
		Debug|Any CPU = Debug|Any CPU
		Release|Any CPU = Release|Any CPU
	EndGlobalSection
	GlobalSection(ProjectConfigurationPlatforms) = postSolution
		{3221367C-B936-474A-B047-7E61B2FB74B5}.Debug|Any CPU.ActiveCfg = Debug|Any CPU
		{3221367C-B936-474A-B047-7E61B2FB74B5}.Debug|Any CPU.Build.0 = Debug|Any CPU
		{3221367C-B936-474A-B047-7E61B2FB74B5}.Release|Any CPU.ActiveCfg = Release|Any CPU
		{3221367C-B936-474A-B047-7E61B2FB74B5}.Release|Any CPU.Build.0 = Release|Any CPU
		{DAE7F78A-CCFE-47C3-A131-902ED4DBAE46}.Debug|Any CPU.ActiveCfg = Debug|Any CPU
		{DAE7F78A-CCFE-47C3-A131-902ED4DBAE46}.Debug|Any CPU.Build.0 = Debug|Any CPU
		{DAE7F78A-CCFE-47C3-A131-902ED4DBAE46}.Release|Any CPU.ActiveCfg = Release|Any CPU
		{DAE7F78A-CCFE-47C3-A131-902ED4DBAE46}.Release|Any CPU.Build.0 = Release|Any CPU
	EndGlobalSection
	GlobalSection(SolutionProperties) = preSolution
		HideSolutionNode = FALSE
	EndGlobalSection
	GlobalSection(ExtensibilityGlobals) = postSolution
		SolutionGuid = {1B7BF117-FB02-4DE4-968B-8610E804AF17}
	EndGlobalSection
EndGlobal
